PODS:
  - BestBiometric (0.1.0)
  - FBSnapshotTestCase (2.1.4):
    - FBSnapshotTestCase/SwiftSupport (= 2.1.4)
  - FBSnapshotTestCase/Core (2.1.4)
  - FBSnapshotTestCase/SwiftSupport (2.1.4):
    - FBSnapshotTestCase/Core

DEPENDENCIES:
  - BestBiometric (from `../`)
  - FBSnapshotTestCase (~> 2.1.4)

SPEC REPOS:
  trunk:
    - FBSnapshotTestCase

EXTERNAL SOURCES:
  BestBiometric:
    :path: "../"

SPEC CHECKSUMS:
  BestBiometric: 54068e598f2dae6efd825c215aa8606e00104536
  FBSnapshotTestCase: 094f9f314decbabe373b87cc339bea235a63e07a

PODFILE CHECKSUM: 4d6c60e05f0038eeb20ad5618b018949520b4330

COCOAPODS: 1.10.0
